
Microsoft Visual Studio Solution File, Format Version 12.00
# Visual Studio Version 16
VisualStudioVersion = 16.0.29709.97
MinimumVisualStudioVersion = 10.0.40219.1
Project("{FAE04EC0-301F-11D3-BF4B-00C04F79EFBC}") = "dz2", "dz2\dz2.csproj", "{D1467DC4-36DB-4C13-80B2-780872D3E397}"
EndProject
Project("{FAE04EC0-301F-11D3-BF4B-00C04F79EFBC}") = "dz1", "..\dz1\dz1\dz1.csproj", "{D30112FF-FE0B-4D7C-B8B1-74ED83CCB053}"
EndProject
Project("{FAE04EC0-301F-11D3-BF4B-00C04F79EFBC}") = "dz3", "dz3\dz3.csproj", "{01F3822E-0927-43CE-B1B9-AB65FDB10277}"
EndProject
Global
	GlobalSection(SolutionConfigurationPlatforms) = preSolution
		Debug|Any CPU = Debug|Any CPU
		Release|Any CPU = Release|Any CPU
	EndGlobalSection
	GlobalSection(ProjectConfigurationPlatforms) = postSolution
		{D1467DC4-36DB-4C13-80B2-780872D3E397}.Debug|Any CPU.ActiveCfg = Debug|Any CPU
		{D1467DC4-36DB-4C13-80B2-780872D3E397}.Debug|Any CPU.Build.0 = Debug|Any CPU
		{D1467DC4-36DB-4C13-80B2-780872D3E397}.Release|Any CPU.ActiveCfg = Release|Any CPU
		{D1467DC4-36DB-4C13-80B2-780872D3E397}.Release|Any CPU.Build.0 = Release|Any CPU
		{D30112FF-FE0B-4D7C-B8B1-74ED83CCB053}.Debug|Any CPU.ActiveCfg = Debug|Any CPU
		{D30112FF-FE0B-4D7C-B8B1-74ED83CCB053}.Debug|Any CPU.Build.0 = Debug|Any CPU
		{D30112FF-FE0B-4D7C-B8B1-74ED83CCB053}.Release|Any CPU.ActiveCfg = Release|Any CPU
		{D30112FF-FE0B-4D7C-B8B1-74ED83CCB053}.Release|Any CPU.Build.0 = Release|Any CPU
		{01F3822E-0927-43CE-B1B9-AB65FDB10277}.Debug|Any CPU.ActiveCfg = Debug|Any CPU
		{01F3822E-0927-43CE-B1B9-AB65FDB10277}.Debug|Any CPU.Build.0 = Debug|Any CPU
		{01F3822E-0927-43CE-B1B9-AB65FDB10277}.Release|Any CPU.ActiveCfg = Release|Any CPU
		{01F3822E-0927-43CE-B1B9-AB65FDB10277}.Release|Any CPU.Build.0 = Release|Any CPU
	EndGlobalSection
	GlobalSection(SolutionProperties) = preSolution
		HideSolutionNode = FALSE
	EndGlobalSection
	GlobalSection(ExtensibilityGlobals) = postSolution
		SolutionGuid = {A77BB31F-A780-4ACE-BE2A-88DA7218D760}
	EndGlobalSection
EndGlobal
